// !$*UTF8*$!
{
	archiveVersion = 1;
	classes = {
	};
	objectVersion = 55;
	objects = {

/* Begin PBXBuildFile section */
		75EDD54427BCA0BB0003CEBC /* DogsAppApp.swift in Sources */ = {isa = PBXBuildFile; fileRef = 75EDD54327BCA0BB0003CEBC /* DogsAppApp.swift */; };
		75EDD54627BCA0BB0003CEBC /* ContentView.swift in Sources */ = {isa = PBXBuildFile; fileRef = 75EDD54527BCA0BB0003CEBC /* ContentView.swift */; };
		75EDD54827BCA0BC0003CEBC /* Assets.xcassets in Resources */ = {isa = PBXBuildFile; fileRef = 75EDD54727BCA0BC0003CEBC /* Assets.xcassets */; };
		75EDD54B27BCA0BC0003CEBC /* Preview Assets.xcassets in Resources */ = {isa = PBXBuildFile; fileRef = 75EDD54A27BCA0BC0003CEBC /* Preview Assets.xcassets */; };
		75EDD55527BCA10C0003CEBC /* Breed.swift in Sources */ = {isa = PBXBuildFile; fileRef = 75EDD55427BCA10C0003CEBC /* Breed.swift */; };
		75EDD55727BCA1260003CEBC /* ViewModel.swift in Sources */ = {isa = PBXBuildFile; fileRef = 75EDD55627BCA1260003CEBC /* ViewModel.swift */; };
		75EDD55927BCA1540003CEBC /* DogDetailView.swift in Sources */ = {isa = PBXBuildFile; fileRef = 75EDD55827BCA1540003CEBC /* DogDetailView.swift */; };
		75EDD55B27BCA2240003CEBC /* Dog.swift in Sources */ = {isa = PBXBuildFile; fileRef = 75EDD55A27BCA2240003CEBC /* Dog.swift */; };
		75EDD55D27BCA2440003CEBC /* Message.swift in Sources */ = {isa = PBXBuildFile; fileRef = 75EDD55C27BCA2440003CEBC /* Message.swift */; };
		75EDD56027BCA2A60003CEBC /* Constants.swift in Sources */ = {isa = PBXBuildFile; fileRef = 75EDD55F27BCA2A60003CEBC /* Constants.swift */; };
		75EDD56227BCA3840003CEBC /* DogSearch.swift in Sources */ = {isa = PBXBuildFile; fileRef = 75EDD56127BCA3840003CEBC /* DogSearch.swift */; };
/* End PBXBuildFile section */

/* Begin PBXFileReference section */
		75EDD54027BCA0BB0003CEBC /* DogsApp.app */ = {isa = PBXFileReference; explicitFileType = wrapper.application; includeInIndex = 0; path = DogsApp.app; sourceTree = BUILT_PRODUCTS_DIR; };
		75EDD54327BCA0BB0003CEBC /* DogsAppApp.swift */ = {isa = PBXFileReference; lastKnownFileType = sourcecode.swift; path = DogsAppApp.swift; sourceTree = "<group>"; };
		75EDD54527BCA0BB0003CEBC /* ContentView.swift */ = {isa = PBXFileReference; lastKnownFileType = sourcecode.swift; path = ContentView.swift; sourceTree = "<group>"; };
		75EDD54727BCA0BC0003CEBC /* Assets.xcassets */ = {isa = PBXFileReference; lastKnownFileType = folder.assetcatalog; path = Assets.xcassets; sourceTree = "<group>"; };
		75EDD54A27BCA0BC0003CEBC /* Preview Assets.xcassets */ = {isa = PBXFileReference; lastKnownFileType = folder.assetcatalog; path = "Preview Assets.xcassets"; sourceTree = "<group>"; };
		75EDD55427BCA10C0003CEBC /* Breed.swift */ = {isa = PBXFileReference; lastKnownFileType = sourcecode.swift; path = Breed.swift; sourceTree = "<group>"; };
		75EDD55627BCA1260003CEBC /* ViewModel.swift */ = {isa = PBXFileReference; lastKnownFileType = sourcecode.swift; path = ViewModel.swift; sourceTree = "<group>"; };
		75EDD55827BCA1540003CEBC /* DogDetailView.swift */ = {isa = PBXFileReference; lastKnownFileType = sourcecode.swift; path = DogDetailView.swift; sourceTree = "<group>"; };
		75EDD55A27BCA2240003CEBC /* Dog.swift */ = {isa = PBXFileReference; lastKnownFileType = sourcecode.swift; path = Dog.swift; sourceTree = "<group>"; };
		75EDD55C27BCA2440003CEBC /* Message.swift */ = {isa = PBXFileReference; lastKnownFileType = sourcecode.swift; path = Message.swift; sourceTree = "<group>"; };
		75EDD55F27BCA2A60003CEBC /* Constants.swift */ = {isa = PBXFileReference; lastKnownFileType = sourcecode.swift; path = Constants.swift; sourceTree = "<group>"; };
		75EDD56127BCA3840003CEBC /* DogSearch.swift */ = {isa = PBXFileReference; lastKnownFileType = sourcecode.swift; path = DogSearch.swift; sourceTree = "<group>"; };
		75EDD56327BCACA10003CEBC /* README.md */ = {isa = PBXFileReference; lastKnownFileType = net.daringfireball.markdown; path = README.md; sourceTree = "<group>"; };
/* End PBXFileReference section */

/* Begin PBXFrameworksBuildPhase section */
		75EDD53D27BCA0BB0003CEBC /* Frameworks */ = {
			isa = PBXFrameworksBuildPhase;
			buildActionMask = 2147483647;
			files = (
			);
			runOnlyForDeploymentPostprocessing = 0;
		};
/* End PBXFrameworksBuildPhase section */

/* Begin PBXGroup section */
		75EDD53727BCA0BB0003CEBC = {
			isa = PBXGroup;
			children = (
				75EDD56327BCACA10003CEBC /* README.md */,
				75EDD54227BCA0BB0003CEBC /* DogsApp */,
				75EDD54127BCA0BB0003CEBC /* Products */,
			);
			sourceTree = "<group>";
		};
		75EDD54127BCA0BB0003CEBC /* Products */ = {
			isa = PBXGroup;
			children = (
				75EDD54027BCA0BB0003CEBC /* DogsApp.app */,
			);
			name = Products;
			sourceTree = "<group>";
		};
		75EDD54227BCA0BB0003CEBC /* DogsApp */ = {
			isa = PBXGroup;
			children = (
				75EDD54327BCA0BB0003CEBC /* DogsAppApp.swift */,
				75EDD55227BCA0DE0003CEBC /* Models */,
				75EDD55327BCA0E30003CEBC /* ViewModel */,
				75EDD55127BCA0D90003CEBC /* Views */,
				75EDD55E27BCA2970003CEBC /* Helpers */,
				75EDD54727BCA0BC0003CEBC /* Assets.xcassets */,
				75EDD54927BCA0BC0003CEBC /* Preview Content */,
			);
			path = DogsApp;
			sourceTree = "<group>";
		};
		75EDD54927BCA0BC0003CEBC /* Preview Content */ = {
			isa = PBXGroup;
			children = (
				75EDD54A27BCA0BC0003CEBC /* Preview Assets.xcassets */,
			);
			path = "Preview Content";
			sourceTree = "<group>";
		};
		75EDD55127BCA0D90003CEBC /* Views */ = {
			isa = PBXGroup;
			children = (
				75EDD54527BCA0BB0003CEBC /* ContentView.swift */,
				75EDD55827BCA1540003CEBC /* DogDetailView.swift */,
			);
			path = Views;
			sourceTree = "<group>";
		};
		75EDD55227BCA0DE0003CEBC /* Models */ = {
			isa = PBXGroup;
			children = (
				75EDD55427BCA10C0003CEBC /* Breed.swift */,
				75EDD55A27BCA2240003CEBC /* Dog.swift */,
				75EDD55C27BCA2440003CEBC /* Message.swift */,
				75EDD56127BCA3840003CEBC /* DogSearch.swift */,
			);
			path = Models;
			sourceTree = "<group>";
		};
		75EDD55327BCA0E30003CEBC /* ViewModel */ = {
			isa = PBXGroup;
			children = (
				75EDD55627BCA1260003CEBC /* ViewModel.swift */,
			);
			path = ViewModel;
			sourceTree = "<group>";
		};
		75EDD55E27BCA2970003CEBC /* Helpers */ = {
			isa = PBXGroup;
			children = (
				75EDD55F27BCA2A60003CEBC /* Constants.swift */,
			);
			path = Helpers;
			sourceTree = "<group>";
		};
/* End PBXGroup section */

/* Begin PBXNativeTarget section */
		75EDD53F27BCA0BB0003CEBC /* DogsApp */ = {
			isa = PBXNativeTarget;
			buildConfigurationList = 75EDD54E27BCA0BC0003CEBC /* Build configuration list for PBXNativeTarget "DogsApp" */;
			buildPhases = (
				75EDD53C27BCA0BB0003CEBC /* Sources */,
				75EDD53D27BCA0BB0003CEBC /* Frameworks */,
				75EDD53E27BCA0BB0003CEBC /* Resources */,
			);
			buildRules = (
			);
			dependencies = (
			);
			name = DogsApp;
			productName = DogsApp;
			productReference = 75EDD54027BCA0BB0003CEBC /* DogsApp.app */;
			productType = "com.apple.product-type.application";
		};
/* End PBXNativeTarget section */

/* Begin PBXProject section */
		75EDD53827BCA0BB0003CEBC /* Project object */ = {
			isa = PBXProject;
			attributes = {
				BuildIndependentTargetsInParallel = 1;
				LastSwiftUpdateCheck = 1320;
				LastUpgradeCheck = 1320;
				TargetAttributes = {
					75EDD53F27BCA0BB0003CEBC = {
						CreatedOnToolsVersion = 13.2.1;
					};
				};
			};
			buildConfigurationList = 75EDD53B27BCA0BB0003CEBC /* Build configuration list for PBXProject "DogsApp" */;
			compatibilityVersion = "Xcode 13.0";
			developmentRegion = en;
			hasScannedForEncodings = 0;
			knownRegions = (
				en,
				Base,
			);
			mainGroup = 75EDD53727BCA0BB0003CEBC;
			productRefGroup = 75EDD54127BCA0BB0003CEBC /* Products */;
			projectDirPath = "";
			projectRoot = "";
			targets = (
				75EDD53F27BCA0BB0003CEBC /* DogsApp */,
			);
		};
/* End PBXProject section */

/* Begin PBXResourcesBuildPhase section */
		75EDD53E27BCA0BB0003CEBC /* Resources */ = {
			isa = PBXResourcesBuildPhase;
			buildActionMask = 2147483647;
			files = (
				75EDD54B27BCA0BC0003CEBC /* Preview Assets.xcassets in Resources */,
				75EDD54827BCA0BC0003CEBC /* Assets.xcassets in Resources */,
			);
			runOnlyForDeploymentPostprocessing = 0;
		};
/* End PBXResourcesBuildPhase section */

/* Begin PBXSourcesBuildPhase section */
		75EDD53C27BCA0BB0003CEBC /* Sources */ = {
			isa = PBXSourcesBuildPhase;
			buildActionMask = 2147483647;
			files = (
				75EDD55927BCA1540003CEBC /* DogDetailView.swift in Sources */,
				75EDD55527BCA10C0003CEBC /* Breed.swift in Sources */,
				75EDD55B27BCA2240003CEBC /* Dog.swift in Sources */,
				75EDD54627BCA0BB0003CEBC /* ContentView.swift in Sources */,
				75EDD55727BCA1260003CEBC /* ViewModel.swift in Sources */,
				75EDD54427BCA0BB0003CEBC /* DogsAppApp.swift in Sources */,
				75EDD56227BCA3840003CEBC /* DogSearch.swift in Sources */,
				75EDD55D27BCA2440003CEBC /* Message.swift in Sources */,
				75EDD56027BCA2A60003CEBC /* Constants.swift in Sources */,
			);
			runOnlyForDeploymentPostprocessing = 0;
		};
/* End PBXSourcesBuildPhase section */

/* Begin XCBuildConfiguration section */
		75EDD54C27BCA0BC0003CEBC /* Debug */ = {
			isa = XCBuildConfiguration;
			buildSettings = {
				ALWAYS_SEARCH_USER_PATHS = NO;
				CLANG_ANALYZER_NONNULL = YES;
				CLANG_ANALYZER_NUMBER_OBJECT_CONVERSION = YES_AGGRESSIVE;
				CLANG_CXX_LANGUAGE_STANDARD = "gnu++17";
				CLANG_CXX_LIBRARY = "libc++";
				CLANG_ENABLE_MODULES = YES;
				CLANG_ENABLE_OBJC_ARC = YES;
				CLANG_ENABLE_OBJC_WEAK = YES;
				CLANG_WARN_BLOCK_CAPTURE_AUTORELEASING = YES;
				CLANG_WARN_BOOL_CONVERSION = YES;
				CLANG_WARN_COMMA = YES;
				CLANG_WARN_CONSTANT_CONVERSION = YES;
				CLANG_WARN_DEPRECATED_OBJC_IMPLEMENTATIONS = YES;
				CLANG_WARN_DIRECT_OBJC_ISA_USAGE = YES_ERROR;
				CLANG_WARN_DOCUMENTATION_COMMENTS = YES;
				CLANG_WARN_EMPTY_BODY = YES;
				CLANG_WARN_ENUM_CONVERSION = YES;
				CLANG_WARN_INFINITE_RECURSION = YES;
				CLANG_WARN_INT_CONVERSION = YES;
				CLANG_WARN_NON_LITERAL_NULL_CONVERSION = YES;
				CLANG_WARN_OBJC_IMPLICIT_RETAIN_SELF = YES;
				CLANG_WARN_OBJC_LITERAL_CONVERSION = YES;
				CLANG_WARN_OBJC_ROOT_CLASS = YES_ERROR;
				CLANG_WARN_QUOTED_INCLUDE_IN_FRAMEWORK_HEADER = YES;
				CLANG_WARN_RANGE_LOOP_ANALYSIS = YES;
				CLANG_WARN_STRICT_PROTOTYPES = YES;
				CLANG_WARN_SUSPICIOUS_MOVE = YES;
				CLANG_WARN_UNGUARDED_AVAILABILITY = YES_AGGRESSIVE;
				CLANG_WARN_UNREACHABLE_CODE = YES;
				CLANG_WARN__DUPLICATE_METHOD_MATCH = YES;
				COPY_PHASE_STRIP = NO;
				DEBUG_INFORMATION_FORMAT = dwarf;
				ENABLE_STRICT_OBJC_MSGSEND = YES;
				ENABLE_TESTABILITY = YES;
				GCC_C_LANGUAGE_STANDARD = gnu11;
				GCC_DYNAMIC_NO_PIC = NO;
				GCC_NO_COMMON_BLOCKS = YES;
				GCC_OPTIMIZATION_LEVEL = 0;
				GCC_PREPROCESSOR_DEFINITIONS = (
					"DEBUG=1",
					"$(inherited)",
				);
				GCC_WARN_64_TO_32_BIT_CONVERSION = YES;
				GCC_WARN_ABOUT_RETURN_TYPE = YES_ERROR;
				GCC_WARN_UNDECLARED_SELECTOR = YES;
				GCC_WARN_UNINITIALIZED_AUTOS = YES_AGGRESSIVE;
				GCC_WARN_UNUSED_FUNCTION = YES;
				GCC_WARN_UNUSED_VARIABLE = YES;
				IPHONEOS_DEPLOYMENT_TARGET = 15.2;
				MTL_ENABLE_DEBUG_INFO = INCLUDE_SOURCE;
				MTL_FAST_MATH = YES;
				ONLY_ACTIVE_ARCH = YES;
				SDKROOT = iphoneos;
				SWIFT_ACTIVE_COMPILATION_CONDITIONS = DEBUG;
				SWIFT_OPTIMIZATION_LEVEL = "-Onone";
			};
			name = Debug;
		};
		75EDD54D27BCA0BC0003CEBC /* Release */ = {
			isa = XCBuildConfiguration;
			buildSettings = {
				ALWAYS_SEARCH_USER_PATHS = NO;
				CLANG_ANALYZER_NONNULL = YES;
				CLANG_ANALYZER_NUMBER_OBJECT_CONVERSION = YES_AGGRESSIVE;
				CLANG_CXX_LANGUAGE_STANDARD = "gnu++17";
				CLANG_CXX_LIBRARY = "libc++";
				CLANG_ENABLE_MODULES = YES;
				CLANG_ENABLE_OBJC_ARC = YES;
				CLANG_ENABLE_OBJC_WEAK = YES;
				CLANG_WARN_BLOCK_CAPTURE_AUTORELEASING = YES;
				CLANG_WARN_BOOL_CONVERSION = YES;
				CLANG_WARN_COMMA = YES;
				CLANG_WARN_CONSTANT_CONVERSION = YES;
				CLANG_WARN_DEPRECATED_OBJC_IMPLEMENTATIONS = YES;
				CLANG_WARN_DIRECT_OBJC_ISA_USAGE = YES_ERROR;
				CLANG_WARN_DOCUMENTATION_COMMENTS = YES;
				CLANG_WARN_EMPTY_BODY = YES;
				CLANG_WARN_ENUM_CONVERSION = YES;
				CLANG_WARN_INFINITE_RECURSION = YES;
				CLANG_WARN_INT_CONVERSION = YES;
				CLANG_WARN_NON_LITERAL_NULL_CONVERSION = YES;
				CLANG_WARN_OBJC_IMPLICIT_RETAIN_SELF = YES;
				CLANG_WARN_OBJC_LITERAL_CONVERSION = YES;
				CLANG_WARN_OBJC_ROOT_CLASS = YES_ERROR;
				CLANG_WARN_QUOTED_INCLUDE_IN_FRAMEWORK_HEADER = YES;
				CLANG_WARN_RANGE_LOOP_ANALYSIS = YES;
				CLANG_WARN_STRICT_PROTOTYPES = YES;
				CLANG_WARN_SUSPICIOUS_MOVE = YES;
				CLANG_WARN_UNGUARDED_AVAILABILITY = YES_AGGRESSIVE;
				CLANG_WARN_UNREACHABLE_CODE = YES;
				CLANG_WARN__DUPLICATE_METHOD_MATCH = YES;
				COPY_PHASE_STRIP = NO;
				DEBUG_INFORMATION_FORMAT = "dwarf-with-dsym";
				ENABLE_NS_ASSERTIONS = NO;
				ENABLE_STRICT_OBJC_MSGSEND = YES;
				GCC_C_LANGUAGE_STANDARD = gnu11;
				GCC_NO_COMMON_BLOCKS = YES;
				GCC_WARN_64_TO_32_BIT_CONVERSION = YES;
				GCC_WARN_ABOUT_RETURN_TYPE = YES_ERROR;
				GCC_WARN_UNDECLARED_SELECTOR = YES;
				GCC_WARN_UNINITIALIZED_AUTOS = YES_AGGRESSIVE;
				GCC_WARN_UNUSED_FUNCTION = YES;
				GCC_WARN_UNUSED_VARIABLE = YES;
				IPHONEOS_DEPLOYMENT_TARGET = 15.2;
				MTL_ENABLE_DEBUG_INFO = NO;
				MTL_FAST_MATH = YES;
				SDKROOT = iphoneos;
				SWIFT_COMPILATION_MODE = wholemodule;
				SWIFT_OPTIMIZATION_LEVEL = "-O";
				VALIDATE_PRODUCT = YES;
			};
			name = Release;
		};
		75EDD54F27BCA0BC0003CEBC /* Debug */ = {
			isa = XCBuildConfiguration;
			buildSettings = {
				ASSETCATALOG_COMPILER_APPICON_NAME = AppIcon;
				ASSETCATALOG_COMPILER_GLOBAL_ACCENT_COLOR_NAME = AccentColor;
				CODE_SIGN_STYLE = Automatic;
				CURRENT_PROJECT_VERSION = 1;
				DEVELOPMENT_ASSET_PATHS = "\"DogsApp/Preview Content\"";
				DEVELOPMENT_TEAM = 6DR6N9843T;
				ENABLE_PREVIEWS = YES;
				GENERATE_INFOPLIST_FILE = YES;
				INFOPLIST_KEY_UIApplicationSceneManifest_Generation = YES;
				INFOPLIST_KEY_UIApplicationSupportsIndirectInputEvents = YES;
				INFOPLIST_KEY_UILaunchScreen_Generation = YES;
				INFOPLIST_KEY_UISupportedInterfaceOrientations_iPad = "UIInterfaceOrientationPortrait UIInterfaceOrientationPortraitUpsideDown UIInterfaceOrientationLandscapeLeft UIInterfaceOrientationLandscapeRight";
				INFOPLIST_KEY_UISupportedInterfaceOrientations_iPhone = "UIInterfaceOrientationPortrait UIInterfaceOrientationLandscapeLeft UIInterfaceOrientationLandscapeRight";
				LD_RUNPATH_SEARCH_PATHS = (
					"$(inherited)",
					"@executable_path/Frameworks",
				);
				MARKETING_VERSION = 1.0;
				PRODUCT_BUNDLE_IDENTIFIER = com.SomethingGoodLLC.DogsApp;
				PRODUCT_NAME = "$(TARGET_NAME)";
				SWIFT_EMIT_LOC_STRINGS = YES;
				SWIFT_VERSION = 5.0;
				TARGETED_DEVICE_FAMILY = "1,2";
			};
			name = Debug;
		};
		75EDD55027BCA0BC0003CEBC /* Release */ = {
			isa = XCBuildConfiguration;
			buildSettings = {
				ASSETCATALOG_COMPILER_APPICON_NAME = AppIcon;
				ASSETCATALOG_COMPILER_GLOBAL_ACCENT_COLOR_NAME = AccentColor;
				CODE_SIGN_STYLE = Automatic;
				CURRENT_PROJECT_VERSION = 1;
				DEVELOPMENT_ASSET_PATHS = "\"DogsApp/Preview Content\"";
				DEVELOPMENT_TEAM = 6DR6N9843T;
				ENABLE_PREVIEWS = YES;
				GENERATE_INFOPLIST_FILE = YES;
				INFOPLIST_KEY_UIApplicationSceneManifest_Generation = YES;
				INFOPLIST_KEY_UIApplicationSupportsIndirectInputEvents = YES;
				INFOPLIST_KEY_UILaunchScreen_Generation = YES;
				INFOPLIST_KEY_UISupportedInterfaceOrientations_iPad = "UIInterfaceOrientationPortrait UIInterfaceOrientationPortraitUpsideDown UIInterfaceOrientationLandscapeLeft UIInterfaceOrientationLandscapeRight";
				INFOPLIST_KEY_UISupportedInterfaceOrientations_iPhone = "UIInterfaceOrientationPortrait UIInterfaceOrientationLandscapeLeft UIInterfaceOrientationLandscapeRight";
				LD_RUNPATH_SEARCH_PATHS = (
					"$(inherited)",
					"@executable_path/Frameworks",
				);
				MARKETING_VERSION = 1.0;
				PRODUCT_BUNDLE_IDENTIFIER = com.SomethingGoodLLC.DogsApp;
				PRODUCT_NAME = "$(TARGET_NAME)";
				SWIFT_EMIT_LOC_STRINGS = YES;
				SWIFT_VERSION = 5.0;
				TARGETED_DEVICE_FAMILY = "1,2";
			};
			name = Release;
		};
/* End XCBuildConfiguration section */

/* Begin XCConfigurationList section */
		75EDD53B27BCA0BB0003CEBC /* Build configuration list for PBXProject "DogsApp" */ = {
			isa = XCConfigurationList;
			buildConfigurations = (
				75EDD54C27BCA0BC0003CEBC /* Debug */,
				75EDD54D27BCA0BC0003CEBC /* Release */,
			);
			defaultConfigurationIsVisible = 0;
			defaultConfigurationName = Release;
		};
		75EDD54E27BCA0BC0003CEBC /* Build configuration list for PBXNativeTarget "DogsApp" */ = {
			isa = XCConfigurationList;
			buildConfigurations = (
				75EDD54F27BCA0BC0003CEBC /* Debug */,
				75EDD55027BCA0BC0003CEBC /* Release */,
			);
			defaultConfigurationIsVisible = 0;
			defaultConfigurationName = Release;
		};
/* End XCConfigurationList section */
	};
	rootObject = 75EDD53827BCA0BB0003CEBC /* Project object */;
}
